
Microsoft Visual Studio Solution File, Format Version 12.00
# Visual Studio Version 17
VisualStudioVersion = 17.7.34221.43
MinimumVisualStudioVersion = 10.0.40219.1
Project("{8BC9CEB8-8B4A-11D0-8D11-00A0C91BC942}") = "DirectX11_Learning", "DirectX11_Learning\DirectX11_Learning.vcxproj", "{3676B886-0428-4161-A712-5FE29C3AA976}"
EndProject
Global
	GlobalSection(SolutionConfigurationPlatforms) = preSolution
		Debug|x64 = Debug|x64
		Debug|x86 = Debug|x86
		Release|x64 = Release|x64
		Release|x86 = Release|x86
	EndGlobalSection
	GlobalSection(ProjectConfigurationPlatforms) = postSolution
		{3676B886-0428-4161-A712-5FE29C3AA976}.Debug|x64.ActiveCfg = Debug|x64
		{3676B886-0428-4161-A712-5FE29C3AA976}.Debug|x64.Build.0 = Debug|x64
		{3676B886-0428-4161-A712-5FE29C3AA976}.Debug|x86.ActiveCfg = Debug|Win32
		{3676B886-0428-4161-A712-5FE29C3AA976}.Debug|x86.Build.0 = Debug|Win32
		{3676B886-0428-4161-A712-5FE29C3AA976}.Release|x64.ActiveCfg = Release|x64
		{3676B886-0428-4161-A712-5FE29C3AA976}.Release|x64.Build.0 = Release|x64
		{3676B886-0428-4161-A712-5FE29C3AA976}.Release|x86.ActiveCfg = Release|Win32
		{3676B886-0428-4161-A712-5FE29C3AA976}.Release|x86.Build.0 = Release|Win32
	EndGlobalSection
	GlobalSection(SolutionProperties) = preSolution
		HideSolutionNode = FALSE
	EndGlobalSection
	GlobalSection(ExtensibilityGlobals) = postSolution
		SolutionGuid = {F3DD57EB-007D-4504-A291-32451C7B770B}
	EndGlobalSection
EndGlobal
